github.com/blang/semver v3.5.1+incompatible h1:cQNTCjp13qL8KC3Nbxr/y2Bqb63oX6wdnnjpJbkM4JQ=
github.com/blang/semver v3.5.1+incompatible/go.mod h1:kRBLl5iJ+tD4TcOOxsy/0fnwebNt5EWlYSAyrTnjyyk=
github.com/go-bindata/go-bindata v1.0.0 h1:DZ34txDXWn1DyWa+vQf7V9ANc2ILTtrEjtlsdJRF26M=
github.com/go-bindata/go-bindata v3.1.2+incompatible h1:5vjJMVhowQdPzjE1LdxyFF7YFTXg5IgGVW4gBr5IbvE=
github.com/go-bindata/go-bindata v3.1.2+incompatible/go.mod h1:xK8Dsgwmeed+BBsSy2XTopBn/8uK2HWuGSnA11C3Joo=
github.com/gitchander/permutation v0.0.0-20210302120832-6ab79d7de174 h1:jDzjvDor5f0IMUz63ghkFrki7erEOJ4GqU9IUUA+tDg=
github.com/gitchander/permutation v0.0.0-20210302120832-6ab79d7de174/go.mod h1:HMJdsfdGgnh5ncvocKE6H8ATmoIQDmBFAgjY+6u/dm0=
